{
  "name": "liquidDuck",
  "lockfileVersion": 3,
  "requires": true,
  "packages": {
    "": {
      "dependencies": {
        "@handsontable/angular": "^14.6.1",
        "handsontable": "^14.6.1"
      }
    },
    "node_modules/@angular/animations": {
      "version": "18.2.12",
      "resolved": "https://registry.npmjs.org/@angular/animations/-/animations-18.2.12.tgz",
      "integrity": "sha512-XcWH/VFQ1Rddhdqi/iU8lW3Qg96yVx1NPfrO5lhcSSvVUzYWTZ5r+jh3GqYqUgPWyEp1Kpw3FLsOgVcGcBWQkQ==",
      "peer": true,
      "dependencies": {
        "tslib": "^2.3.0"
      },
      "engines": {
        "node": "^18.19.1 || ^20.11.1 || >=22.0.0"
      },
      "peerDependencies": {
        "@angular/core": "18.2.12"
      }
    },
    "node_modules/@angular/common": {
      "version": "18.2.12",
      "resolved": "https://registry.npmjs.org/@angular/common/-/common-18.2.12.tgz",
      "integrity": "sha512-gI5o8Bccsi8ow8Wk2vG4Tw/Rw9LoHEA9j8+qHKNR/55SCBsz68Syg310dSyxy+sApJO2WiqIadr5VP36dlSUFw==",
      "peer": true,
      "dependencies": {
        "tslib": "^2.3.0"
      },
      "engines": {
        "node": "^18.19.1 || ^20.11.1 || >=22.0.0"
      },
      "peerDependencies": {
        "@angular/core": "18.2.12",
        "rxjs": "^6.5.3 || ^7.4.0"
      }
    },
    "node_modules/@angular/compiler": {
      "version": "18.2.12",
      "resolved": "https://registry.npmjs.org/@angular/compiler/-/compiler-18.2.12.tgz",
      "integrity": "sha512-D5d5dLrjQal5DbAXJJNSsCC3UxzjOI2wbc+Iv+LOpRM1gpNwuYfZMX5W7cj62Ce4G2++78CJSppdKBp8D4HErQ==",
      "peer": true,
      "dependencies": {
        "tslib": "^2.3.0"
      },
      "engines": {
        "node": "^18.19.1 || ^20.11.1 || >=22.0.0"
      },
      "peerDependencies": {
        "@angular/core": "18.2.12"
      },
      "peerDependenciesMeta": {
        "@angular/core": {
          "optional": true
        }
      }
    },
    "node_modules/@angular/core": {
      "version": "18.2.12",
      "resolved": "https://registry.npmjs.org/@angular/core/-/core-18.2.12.tgz",
      "integrity": "sha512-wCf/OObwS6bpM60rk6bpMpCRGp0DlMLB1WNAMtfcaPNyqimVV5Bm98mWRhkOuRyvU3fU7iHhM/10ePVaoyu9+A==",
      "peer": true,
      "dependencies": {
        "tslib": "^2.3.0"
      },
      "engines": {
        "node": "^18.19.1 || ^20.11.1 || >=22.0.0"
      },
      "peerDependencies": {
        "rxjs": "^6.5.3 || ^7.4.0",
        "zone.js": "~0.14.10"
      }
    },
    "node_modules/@angular/forms": {
      "version": "18.2.12",
      "resolved": "https://registry.npmjs.org/@angular/forms/-/forms-18.2.12.tgz",
      "integrity": "sha512-FsukBJEU6jfAmht7TrODTkct/o4iwCZvGozuThOp0tYUPD/E1rZZzuKjEyTnT5Azpfkf0Wqx1nmpz80cczELOQ==",
      "peer": true,
      "dependencies": {
        "tslib": "^2.3.0"
      },
      "engines": {
        "node": "^18.19.1 || ^20.11.1 || >=22.0.0"
      },
      "peerDependencies": {
        "@angular/common": "18.2.12",
        "@angular/core": "18.2.12",
        "@angular/platform-browser": "18.2.12",
        "rxjs": "^6.5.3 || ^7.4.0"
      }
    },
    "node_modules/@angular/platform-browser": {
      "version": "18.2.12",
      "resolved": "https://registry.npmjs.org/@angular/platform-browser/-/platform-browser-18.2.12.tgz",
      "integrity": "sha512-DRSMznuxuecrs+v5BRyd60/R4vjkQtuYUEPfzdo+rqxM83Dmr3PGtnqPRgd5oAFUbATxf02hQXijRD27K7rZRg==",
      "peer": true,
      "dependencies": {
        "tslib": "^2.3.0"
      },
      "engines": {
        "node": "^18.19.1 || ^20.11.1 || >=22.0.0"
      },
      "peerDependencies": {
        "@angular/animations": "18.2.12",
        "@angular/common": "18.2.12",
        "@angular/core": "18.2.12"
      },
      "peerDependenciesMeta": {
        "@angular/animations": {
          "optional": true
        }
      }
    },
    "node_modules/@angular/platform-browser-dynamic": {
      "version": "18.2.12",
      "resolved": "https://registry.npmjs.org/@angular/platform-browser-dynamic/-/platform-browser-dynamic-18.2.12.tgz",
      "integrity": "sha512-dv1QEjYpcFno6+oUeGEDRWpB5g2Ufb0XkUbLJQIgrOk1Qbyzb8tmpDpTjok8jcKdquigMRWolr6Y1EOicfRlLw==",
      "peer": true,
      "dependencies": {
        "tslib": "^2.3.0"
      },
      "engines": {
        "node": "^18.19.1 || ^20.11.1 || >=22.0.0"
      },
      "peerDependencies": {
        "@angular/common": "18.2.12",
        "@angular/compiler": "18.2.12",
        "@angular/core": "18.2.12",
        "@angular/platform-browser": "18.2.12"
      }
    },
    "node_modules/@angular/router": {
      "version": "18.2.12",
      "resolved": "https://registry.npmjs.org/@angular/router/-/router-18.2.12.tgz",
      "integrity": "sha512-cz/1YWOZadAT35PPPYmpK3HSzKOE56nlUHue5bFkw73VSZr2iBn03ALLpd9YKzWgRmx3y7DqnlQtCkDu9JPGKQ==",
      "peer": true,
      "dependencies": {
        "tslib": "^2.3.0"
      },
      "engines": {
        "node": "^18.19.1 || ^20.11.1 || >=22.0.0"
      },
      "peerDependencies": {
        "@angular/common": "18.2.12",
        "@angular/core": "18.2.12",
        "@angular/platform-browser": "18.2.12",
        "rxjs": "^6.5.3 || ^7.4.0"
      }
    },
    "node_modules/@handsontable/angular": {
      "version": "14.6.1",
      "resolved": "https://registry.npmjs.org/@handsontable/angular/-/angular-14.6.1.tgz",
      "integrity": "sha512-bFtw2GjQYEiTV9+4Mxa8WBEGt99x7M0gH6UoBuqLxtDI7UNO+j+u5dPiWqpQgpRPiHOpJ2oncrJ9uV52hswrSQ==",
      "optionalDependencies": {
        "tslib": "^2.3.0"
      },
      "peerDependencies": {
        "@angular/animations": ">=12.0.0",
        "@angular/common": ">=12.0.0",
        "@angular/compiler": ">=12.0.0",
        "@angular/core": ">=12.0.0",
        "@angular/forms": ">=12.0.0",
        "@angular/platform-browser": ">=12.0.0",
        "@angular/platform-browser-dynamic": ">=12.0.0",
        "@angular/router": ">=12.0.0",
        "handsontable": "^14.0.0"
      }
    },
    "node_modules/@handsontable/pikaday": {
      "version": "1.0.0",
      "resolved": "https://registry.npmjs.org/@handsontable/pikaday/-/pikaday-1.0.0.tgz",
      "integrity": "sha512-1VN6N38t5/DcjJ7y7XUYrDx1LuzvvzlrFdBdMG90Qo1xc8+LXHqbWbsTEm5Ec5gXTEbDEO53vUT35R+2COmOyg=="
    },
    "node_modules/@types/pikaday": {
      "version": "1.7.4",
      "resolved": "https://registry.npmjs.org/@types/pikaday/-/pikaday-1.7.4.tgz",
      "integrity": "sha512-0KsHVyw5pTG829nqG4IRu7m+BFQlFEBdbE/1i3S5182HeKUKv1uEW0gyEmkJVp5i4IV+9pyh23O83+KpRkSQbw==",
      "dependencies": {
        "moment": ">=2.14.0"
      }
    },
    "node_modules/bignumber.js": {
      "version": "8.1.1",
      "resolved": "https://registry.npmjs.org/bignumber.js/-/bignumber.js-8.1.1.tgz",
      "integrity": "sha512-QD46ppGintwPGuL1KqmwhR0O+N2cZUg8JG/VzwI2e28sM9TqHjQB10lI4QAaMHVbLzwVLLAwEglpKPViWX+5NQ==",
      "engines": {
        "node": "*"
      }
    },
    "node_modules/chevrotain": {
      "version": "6.5.0",
      "resolved": "https://registry.npmjs.org/chevrotain/-/chevrotain-6.5.0.tgz",
      "integrity": "sha512-BwqQ/AgmKJ8jcMEjaSnfMybnKMgGTrtDKowfTP3pX4jwVy0kNjRsT/AP6h+wC3+3NC+X8X15VWBnTCQlX+wQFg==",
      "optional": true,
      "dependencies": {
        "regexp-to-ast": "0.4.0"
      }
    },
    "node_modules/core-js": {
      "version": "3.39.0",
      "resolved": "https://registry.npmjs.org/core-js/-/core-js-3.39.0.tgz",
      "integrity": "sha512-raM0ew0/jJUqkJ0E6e8UDtl+y/7ktFivgWvqw8dNSQeNWoSDLvQ1H/RN3aPXB9tBd4/FhyR4RDPGhsNIMsAn7g==",
      "hasInstallScript": true,
      "funding": {
        "type": "opencollective",
        "url": "https://opencollective.com/core-js"
      }
    },
    "node_modules/dompurify": {
      "version": "2.5.7",
      "resolved": "https://registry.npmjs.org/dompurify/-/dompurify-2.5.7.tgz",
      "integrity": "sha512-2q4bEI+coQM8f5ez7kt2xclg1XsecaV9ASJk/54vwlfRRNQfDqJz2pzQ8t0Ix/ToBpXlVjrRIx7pFC/o8itG2Q=="
    },
    "node_modules/handsontable": {
      "version": "14.6.1",
      "resolved": "https://registry.npmjs.org/handsontable/-/handsontable-14.6.1.tgz",
      "integrity": "sha512-uPvGTkV9dgndwRhSjlJpBzSLW7o7LX18GE70HbaBlcaNKUCEEXhzJ7WGlaw6X8rQZqShIB1HAC+h/t98odqVQQ==",
      "dependencies": {
        "@handsontable/pikaday": "^1.0.0",
        "@types/pikaday": "1.7.4",
        "core-js": "^3.37.0",
        "dompurify": "^2.1.1",
        "moment": "2.30.1",
        "numbro": "2.1.2",
        "pikaday": "1.8.2"
      },
      "optionalDependencies": {
        "hyperformula": "^2.6.2"
      }
    },
    "node_modules/hyperformula": {
      "version": "2.7.1",
      "resolved": "https://registry.npmjs.org/hyperformula/-/hyperformula-2.7.1.tgz",
      "integrity": "sha512-mpVF5zOyNpksZzgTaCQyRAzdC/X43+taz5x1n7zNbs/PUUv0AuLmsy2yfihCr+vihUzN/pk+gXBbOfNpXKOpgA==",
      "optional": true,
      "dependencies": {
        "chevrotain": "^6.5.0",
        "tiny-emitter": "^2.1.0"
      }
    },
    "node_modules/moment": {
      "version": "2.30.1",
      "resolved": "https://registry.npmjs.org/moment/-/moment-2.30.1.tgz",
      "integrity": "sha512-uEmtNhbDOrWPFS+hdjFCBfy9f2YoyzRpwcl+DqpC6taX21FzsTLQVbMV/W7PzNSX6x/bhC1zA3c2UQ5NzH6how==",
      "engines": {
        "node": "*"
      }
    },
    "node_modules/numbro": {
      "version": "2.1.2",
      "resolved": "https://registry.npmjs.org/numbro/-/numbro-2.1.2.tgz",
      "integrity": "sha512-7w833BxZmKGLE9HI0aREtNVRVH6WTYUUlWf4qgA5gKNhPQ4F/MRZ14sc0v8eoLORprk9ZTVwYaLwj8N3Zgxwiw==",
      "dependencies": {
        "bignumber.js": "^8.0.1"
      },
      "engines": {
        "node": "*"
      }
    },
    "node_modules/pikaday": {
      "version": "1.8.2",
      "resolved": "https://registry.npmjs.org/pikaday/-/pikaday-1.8.2.tgz",
      "integrity": "sha512-TNtsE+34BIax3WtkB/qqu5uepV1McKYEgvL3kWzU7aqPCpMEN6rBF3AOwu4WCwAealWlBGobXny/9kJb49C1ew=="
    },
    "node_modules/regexp-to-ast": {
      "version": "0.4.0",
      "resolved": "https://registry.npmjs.org/regexp-to-ast/-/regexp-to-ast-0.4.0.tgz",
      "integrity": "sha512-4qf/7IsIKfSNHQXSwial1IFmfM1Cc/whNBQqRwe0V2stPe7KmN1U0tWQiIx6JiirgSrisjE0eECdNf7Tav1Ntw==",
      "optional": true
    },
    "node_modules/rxjs": {
      "version": "7.8.1",
      "resolved": "https://registry.npmjs.org/rxjs/-/rxjs-7.8.1.tgz",
      "integrity": "sha512-AA3TVj+0A2iuIoQkWEK/tqFjBq2j+6PO6Y0zJcvzLAFhEFIO3HL0vls9hWLncZbAAbK0mar7oZ4V079I/qPMxg==",
      "peer": true,
      "dependencies": {
        "tslib": "^2.1.0"
      }
    },
    "node_modules/tiny-emitter": {
      "version": "2.1.0",
      "resolved": "https://registry.npmjs.org/tiny-emitter/-/tiny-emitter-2.1.0.tgz",
      "integrity": "sha512-NB6Dk1A9xgQPMoGqC5CVXn123gWyte215ONT5Pp5a0yt4nlEoO1ZWeCwpncaekPHXO60i47ihFnZPiRPjRMq4Q==",
      "optional": true
    },
    "node_modules/tslib": {
      "version": "2.8.1",
      "resolved": "https://registry.npmjs.org/tslib/-/tslib-2.8.1.tgz",
      "integrity": "sha512-oJFu94HQb+KVduSUQL7wnpmqnfmLsOA/nAh6b6EH0wCEoK0/mPeXU6c3wKDV83MkOuHPRHtSXKKU99IBazS/2w=="
    },
    "node_modules/zone.js": {
      "version": "0.14.10",
      "resolved": "https://registry.npmjs.org/zone.js/-/zone.js-0.14.10.tgz",
      "integrity": "sha512-YGAhaO7J5ywOXW6InXNlLmfU194F8lVgu7bRntUF3TiG8Y3nBK0x1UJJuHUP/e8IyihkjCYqhCScpSwnlaSRkQ==",
      "peer": true
    }
  }
}
